
Microsoft Visual Studio Solution File, Format Version 12.00
# Visual Studio Version 17
VisualStudioVersion = 17.7.34009.444
MinimumVisualStudioVersion = 10.0.40219.1
Project("{9A19103F-16F7-4668-BE54-9A1E7A4F7556}") = "WinFormsApp1", "WinFormsApp1\WinFormsApp1.csproj", "{D90E91F6-012F-4918-AC2A-8D7631EB739B}"
EndProject
Project("{9A19103F-16F7-4668-BE54-9A1E7A4F7556}") = "JwShapeCommon", "JwShapeCommon\JwShapeCommon.csproj", "{37FCDCE3-37C5-4973-B29C-E4303E7892CB}"
EndProject
Project("{9A19103F-16F7-4668-BE54-9A1E7A4F7556}") = "RGBJWMain", "RGBJWMain\RGBJWMain.csproj", "{84D335B0-4DBE-43E3-955C-743E3423961E}"
	ProjectSection(ProjectDependencies) = postProject
		{7A8B170B-C8B1-41C4-945B-EAB617BDAFE4} = {7A8B170B-C8B1-41C4-945B-EAB617BDAFE4}
	EndProjectSection
EndProject
Project("{8BC9CEB8-8B4A-11D0-8D11-00A0C91BC942}") = "JwwHelper", "JwwHelper\JwwHelper.vcxproj", "{7A8B170B-C8B1-41C4-945B-EAB617BDAFE4}"
EndProject
Project("{9A19103F-16F7-4668-BE54-9A1E7A4F7556}") = "JwCadDot", "JwCadDot\JwCadDot.csproj", "{063C967A-CD11-4488-8804-D96567D5E604}"
EndProject
Project("{9A19103F-16F7-4668-BE54-9A1E7A4F7556}") = "JwData", "JwData\JwData.csproj", "{41B5DD42-509F-4482-87DF-76EC33041601}"
EndProject
Project("{9A19103F-16F7-4668-BE54-9A1E7A4F7556}") = "JwCore", "JwCore\JwCore.csproj", "{4A82B41B-33B1-44FB-97DD-A00A8711781F}"
EndProject
Project("{54435603-DBB4-11D2-8724-00A0C9A8B90C}") = "RGBJwCad", "RGBJwCad\RGBJwCad.vdproj", "{B50DFEC4-42EC-4EE3-A015-5AAAF1E68B1C}"
EndProject
Project("{54435603-DBB4-11D2-8724-00A0C9A8B90C}") = "CadJwRGB", "CadJwRGB\CadJwRGB.vdproj", "{50E87FF3-602D-4709-BF2A-5000FC032D76}"
EndProject
Project("{54435603-DBB4-11D2-8724-00A0C9A8B90C}") = "RGBSETUP", "RGBSETUP\RGBSETUP.vdproj", "{1B72F656-EA02-4C3A-B878-579C0D21FE10}"
EndProject
Global
	GlobalSection(SolutionConfigurationPlatforms) = preSolution
		Debug|Any CPU = Debug|Any CPU
		Debug|x64 = Debug|x64
		Debug|x86 = Debug|x86
		Release|Any CPU = Release|Any CPU
		Release|x64 = Release|x64
		Release|x86 = Release|x86
	EndGlobalSection
	GlobalSection(ProjectConfigurationPlatforms) = postSolution
		{D90E91F6-012F-4918-AC2A-8D7631EB739B}.Debug|Any CPU.ActiveCfg = Debug|Any CPU
		{D90E91F6-012F-4918-AC2A-8D7631EB739B}.Debug|Any CPU.Build.0 = Debug|Any CPU
		{D90E91F6-012F-4918-AC2A-8D7631EB739B}.Debug|x64.ActiveCfg = Debug|Any CPU
		{D90E91F6-012F-4918-AC2A-8D7631EB739B}.Debug|x64.Build.0 = Debug|Any CPU
		{D90E91F6-012F-4918-AC2A-8D7631EB739B}.Debug|x86.ActiveCfg = Debug|Any CPU
		{D90E91F6-012F-4918-AC2A-8D7631EB739B}.Debug|x86.Build.0 = Debug|Any CPU
		{D90E91F6-012F-4918-AC2A-8D7631EB739B}.Release|Any CPU.ActiveCfg = Release|Any CPU
		{D90E91F6-012F-4918-AC2A-8D7631EB739B}.Release|Any CPU.Build.0 = Release|Any CPU
		{D90E91F6-012F-4918-AC2A-8D7631EB739B}.Release|x64.ActiveCfg = Release|Any CPU
		{D90E91F6-012F-4918-AC2A-8D7631EB739B}.Release|x64.Build.0 = Release|Any CPU
		{D90E91F6-012F-4918-AC2A-8D7631EB739B}.Release|x86.ActiveCfg = Release|Any CPU
		{D90E91F6-012F-4918-AC2A-8D7631EB739B}.Release|x86.Build.0 = Release|Any CPU
		{37FCDCE3-37C5-4973-B29C-E4303E7892CB}.Debug|Any CPU.ActiveCfg = Debug|Any CPU
		{37FCDCE3-37C5-4973-B29C-E4303E7892CB}.Debug|Any CPU.Build.0 = Debug|Any CPU
		{37FCDCE3-37C5-4973-B29C-E4303E7892CB}.Debug|x64.ActiveCfg = Debug|Any CPU
		{37FCDCE3-37C5-4973-B29C-E4303E7892CB}.Debug|x64.Build.0 = Debug|Any CPU
		{37FCDCE3-37C5-4973-B29C-E4303E7892CB}.Debug|x86.ActiveCfg = Debug|Any CPU
		{37FCDCE3-37C5-4973-B29C-E4303E7892CB}.Debug|x86.Build.0 = Debug|Any CPU
		{37FCDCE3-37C5-4973-B29C-E4303E7892CB}.Release|Any CPU.ActiveCfg = Release|Any CPU
		{37FCDCE3-37C5-4973-B29C-E4303E7892CB}.Release|Any CPU.Build.0 = Release|Any CPU
		{37FCDCE3-37C5-4973-B29C-E4303E7892CB}.Release|x64.ActiveCfg = Release|Any CPU
		{37FCDCE3-37C5-4973-B29C-E4303E7892CB}.Release|x64.Build.0 = Release|Any CPU
		{37FCDCE3-37C5-4973-B29C-E4303E7892CB}.Release|x86.ActiveCfg = Release|Any CPU
		{37FCDCE3-37C5-4973-B29C-E4303E7892CB}.Release|x86.Build.0 = Release|Any CPU
		{84D335B0-4DBE-43E3-955C-743E3423961E}.Debug|Any CPU.ActiveCfg = Debug|Any CPU
		{84D335B0-4DBE-43E3-955C-743E3423961E}.Debug|Any CPU.Build.0 = Debug|Any CPU
		{84D335B0-4DBE-43E3-955C-743E3423961E}.Debug|x64.ActiveCfg = Debug|Any CPU
		{84D335B0-4DBE-43E3-955C-743E3423961E}.Debug|x64.Build.0 = Debug|Any CPU
		{84D335B0-4DBE-43E3-955C-743E3423961E}.Debug|x86.ActiveCfg = Debug|Any CPU
		{84D335B0-4DBE-43E3-955C-743E3423961E}.Debug|x86.Build.0 = Debug|Any CPU
		{84D335B0-4DBE-43E3-955C-743E3423961E}.Release|Any CPU.ActiveCfg = Release|Any CPU
		{84D335B0-4DBE-43E3-955C-743E3423961E}.Release|Any CPU.Build.0 = Release|Any CPU
		{84D335B0-4DBE-43E3-955C-743E3423961E}.Release|x64.ActiveCfg = Release|Any CPU
		{84D335B0-4DBE-43E3-955C-743E3423961E}.Release|x64.Build.0 = Release|Any CPU
		{84D335B0-4DBE-43E3-955C-743E3423961E}.Release|x86.ActiveCfg = Release|Any CPU
		{84D335B0-4DBE-43E3-955C-743E3423961E}.Release|x86.Build.0 = Release|Any CPU
		{7A8B170B-C8B1-41C4-945B-EAB617BDAFE4}.Debug|Any CPU.ActiveCfg = Debug|Win32
		{7A8B170B-C8B1-41C4-945B-EAB617BDAFE4}.Debug|Any CPU.Build.0 = Debug|Win32
		{7A8B170B-C8B1-41C4-945B-EAB617BDAFE4}.Debug|x64.ActiveCfg = Debug|x64
		{7A8B170B-C8B1-41C4-945B-EAB617BDAFE4}.Debug|x64.Build.0 = Debug|x64
		{7A8B170B-C8B1-41C4-945B-EAB617BDAFE4}.Debug|x86.ActiveCfg = Debug|Win32
		{7A8B170B-C8B1-41C4-945B-EAB617BDAFE4}.Debug|x86.Build.0 = Debug|Win32
		{7A8B170B-C8B1-41C4-945B-EAB617BDAFE4}.Release|Any CPU.ActiveCfg = Release|x64
		{7A8B170B-C8B1-41C4-945B-EAB617BDAFE4}.Release|Any CPU.Build.0 = Release|x64
		{7A8B170B-C8B1-41C4-945B-EAB617BDAFE4}.Release|x64.ActiveCfg = Release|x64
		{7A8B170B-C8B1-41C4-945B-EAB617BDAFE4}.Release|x64.Build.0 = Release|x64
		{7A8B170B-C8B1-41C4-945B-EAB617BDAFE4}.Release|x86.ActiveCfg = Release|Win32
		{7A8B170B-C8B1-41C4-945B-EAB617BDAFE4}.Release|x86.Build.0 = Release|Win32
		{063C967A-CD11-4488-8804-D96567D5E604}.Debug|Any CPU.ActiveCfg = Debug|Any CPU
		{063C967A-CD11-4488-8804-D96567D5E604}.Debug|Any CPU.Build.0 = Debug|Any CPU
		{063C967A-CD11-4488-8804-D96567D5E604}.Debug|x64.ActiveCfg = Debug|Any CPU
		{063C967A-CD11-4488-8804-D96567D5E604}.Debug|x64.Build.0 = Debug|Any CPU
		{063C967A-CD11-4488-8804-D96567D5E604}.Debug|x86.ActiveCfg = Debug|Any CPU
		{063C967A-CD11-4488-8804-D96567D5E604}.Debug|x86.Build.0 = Debug|Any CPU
		{063C967A-CD11-4488-8804-D96567D5E604}.Release|Any CPU.ActiveCfg = Release|Any CPU
		{063C967A-CD11-4488-8804-D96567D5E604}.Release|Any CPU.Build.0 = Release|Any CPU
		{063C967A-CD11-4488-8804-D96567D5E604}.Release|x64.ActiveCfg = Release|Any CPU
		{063C967A-CD11-4488-8804-D96567D5E604}.Release|x64.Build.0 = Release|Any CPU
		{063C967A-CD11-4488-8804-D96567D5E604}.Release|x86.ActiveCfg = Release|Any CPU
		{063C967A-CD11-4488-8804-D96567D5E604}.Release|x86.Build.0 = Release|Any CPU
		{41B5DD42-509F-4482-87DF-76EC33041601}.Debug|Any CPU.ActiveCfg = Debug|Any CPU
		{41B5DD42-509F-4482-87DF-76EC33041601}.Debug|Any CPU.Build.0 = Debug|Any CPU
		{41B5DD42-509F-4482-87DF-76EC33041601}.Debug|x64.ActiveCfg = Debug|Any CPU
		{41B5DD42-509F-4482-87DF-76EC33041601}.Debug|x64.Build.0 = Debug|Any CPU
		{41B5DD42-509F-4482-87DF-76EC33041601}.Debug|x86.ActiveCfg = Debug|Any CPU
		{41B5DD42-509F-4482-87DF-76EC33041601}.Debug|x86.Build.0 = Debug|Any CPU
		{41B5DD42-509F-4482-87DF-76EC33041601}.Release|Any CPU.ActiveCfg = Release|Any CPU
		{41B5DD42-509F-4482-87DF-76EC33041601}.Release|Any CPU.Build.0 = Release|Any CPU
		{41B5DD42-509F-4482-87DF-76EC33041601}.Release|x64.ActiveCfg = Release|Any CPU
		{41B5DD42-509F-4482-87DF-76EC33041601}.Release|x64.Build.0 = Release|Any CPU
		{41B5DD42-509F-4482-87DF-76EC33041601}.Release|x86.ActiveCfg = Release|Any CPU
		{41B5DD42-509F-4482-87DF-76EC33041601}.Release|x86.Build.0 = Release|Any CPU
		{4A82B41B-33B1-44FB-97DD-A00A8711781F}.Debug|Any CPU.ActiveCfg = Debug|Any CPU
		{4A82B41B-33B1-44FB-97DD-A00A8711781F}.Debug|Any CPU.Build.0 = Debug|Any CPU
		{4A82B41B-33B1-44FB-97DD-A00A8711781F}.Debug|x64.ActiveCfg = Debug|Any CPU
		{4A82B41B-33B1-44FB-97DD-A00A8711781F}.Debug|x64.Build.0 = Debug|Any CPU
		{4A82B41B-33B1-44FB-97DD-A00A8711781F}.Debug|x86.ActiveCfg = Debug|Any CPU
		{4A82B41B-33B1-44FB-97DD-A00A8711781F}.Debug|x86.Build.0 = Debug|Any CPU
		{4A82B41B-33B1-44FB-97DD-A00A8711781F}.Release|Any CPU.ActiveCfg = Release|Any CPU
		{4A82B41B-33B1-44FB-97DD-A00A8711781F}.Release|Any CPU.Build.0 = Release|Any CPU
		{4A82B41B-33B1-44FB-97DD-A00A8711781F}.Release|x64.ActiveCfg = Release|Any CPU
		{4A82B41B-33B1-44FB-97DD-A00A8711781F}.Release|x64.Build.0 = Release|Any CPU
		{4A82B41B-33B1-44FB-97DD-A00A8711781F}.Release|x86.ActiveCfg = Release|Any CPU
		{4A82B41B-33B1-44FB-97DD-A00A8711781F}.Release|x86.Build.0 = Release|Any CPU
		{B50DFEC4-42EC-4EE3-A015-5AAAF1E68B1C}.Debug|Any CPU.ActiveCfg = Debug
		{B50DFEC4-42EC-4EE3-A015-5AAAF1E68B1C}.Debug|x64.ActiveCfg = Debug
		{B50DFEC4-42EC-4EE3-A015-5AAAF1E68B1C}.Debug|x86.ActiveCfg = Debug
		{B50DFEC4-42EC-4EE3-A015-5AAAF1E68B1C}.Release|Any CPU.ActiveCfg = Release
		{B50DFEC4-42EC-4EE3-A015-5AAAF1E68B1C}.Release|x64.ActiveCfg = Release
		{B50DFEC4-42EC-4EE3-A015-5AAAF1E68B1C}.Release|x86.ActiveCfg = Release
		{50E87FF3-602D-4709-BF2A-5000FC032D76}.Debug|Any CPU.ActiveCfg = Debug
		{50E87FF3-602D-4709-BF2A-5000FC032D76}.Debug|x64.ActiveCfg = Debug
		{50E87FF3-602D-4709-BF2A-5000FC032D76}.Debug|x86.ActiveCfg = Debug
		{50E87FF3-602D-4709-BF2A-5000FC032D76}.Release|Any CPU.ActiveCfg = Release
		{50E87FF3-602D-4709-BF2A-5000FC032D76}.Release|x64.ActiveCfg = Release
		{50E87FF3-602D-4709-BF2A-5000FC032D76}.Release|x86.ActiveCfg = Release
		{1B72F656-EA02-4C3A-B878-579C0D21FE10}.Debug|Any CPU.ActiveCfg = Debug
		{1B72F656-EA02-4C3A-B878-579C0D21FE10}.Debug|x64.ActiveCfg = Debug
		{1B72F656-EA02-4C3A-B878-579C0D21FE10}.Debug|x86.ActiveCfg = Debug
		{1B72F656-EA02-4C3A-B878-579C0D21FE10}.Release|Any CPU.ActiveCfg = Release
		{1B72F656-EA02-4C3A-B878-579C0D21FE10}.Release|x64.ActiveCfg = Release
		{1B72F656-EA02-4C3A-B878-579C0D21FE10}.Release|x86.ActiveCfg = Release
	EndGlobalSection
	GlobalSection(SolutionProperties) = preSolution
		HideSolutionNode = FALSE
	EndGlobalSection
	GlobalSection(ExtensibilityGlobals) = postSolution
		SolutionGuid = {DDEB99E9-46BB-4519-9A31-E48C9742A2B7}
	EndGlobalSection
EndGlobal
